
Microsoft Visual Studio Solution File, Format Version 12.00
# Visual Studio Version 17
VisualStudioVersion = 17.12.35527.113 d17.12
MinimumVisualStudioVersion = 10.0.40219.1
Project("{D2ABAB84-BF74-430A-B69E-9DC6D40DDA17}") = "CUBO_RECLAMOS", "CUBO_RECLAMOS\CUBO_RECLAMOS.dwproj", "{6BB85F4A-3BB9-4B71-84C5-2DD47B31B3B1}"
EndProject
Global
	GlobalSection(SolutionConfigurationPlatforms) = preSolution
		Development|Default = Development|Default
	EndGlobalSection
	GlobalSection(ProjectConfigurationPlatforms) = postSolution
		{6BB85F4A-3BB9-4B71-84C5-2DD47B31B3B1}.Development|Default.ActiveCfg = Development
		{6BB85F4A-3BB9-4B71-84C5-2DD47B31B3B1}.Development|Default.Build.0 = Development
		{6BB85F4A-3BB9-4B71-84C5-2DD47B31B3B1}.Development|Default.Deploy.0 = Development
	EndGlobalSection
	GlobalSection(SolutionProperties) = preSolution
		HideSolutionNode = FALSE
	EndGlobalSection
EndGlobal
